// !$*UTF8*$!
{
	archiveVersion = 1;
	classes = {
	};
	objectVersion = 55;
	objects = {

/* Begin PBXBuildFile section */
		D0255DB92844A46600C2F379 /* InitialViewController.swift in Sources */ = {isa = PBXBuildFile; fileRef = D0255DB82844A46600C2F379 /* InitialViewController.swift */; };
		D053BD1C283748F500550B96 /* AppDelegate.swift in Sources */ = {isa = PBXBuildFile; fileRef = D053BD1B283748F500550B96 /* AppDelegate.swift */; };
		D053BD1E283748F500550B96 /* SceneDelegate.swift in Sources */ = {isa = PBXBuildFile; fileRef = D053BD1D283748F500550B96 /* SceneDelegate.swift */; };
		D053BD20283748F500550B96 /* ViewController.swift in Sources */ = {isa = PBXBuildFile; fileRef = D053BD1F283748F500550B96 /* ViewController.swift */; };
		D053BD23283748F500550B96 /* Main.storyboard in Resources */ = {isa = PBXBuildFile; fileRef = D053BD21283748F500550B96 /* Main.storyboard */; };
		D053BD25283748F600550B96 /* Assets.xcassets in Resources */ = {isa = PBXBuildFile; fileRef = D053BD24283748F600550B96 /* Assets.xcassets */; };
		D053BD28283748F600550B96 /* LaunchScreen.storyboard in Resources */ = {isa = PBXBuildFile; fileRef = D053BD26283748F600550B96 /* LaunchScreen.storyboard */; };
		D053BD3628374A9400550B96 /* MovieTableViewCell.swift in Sources */ = {isa = PBXBuildFile; fileRef = D053BD3428374A9400550B96 /* MovieTableViewCell.swift */; };
		D053BD3728374A9400550B96 /* MovieTableViewCell.xib in Resources */ = {isa = PBXBuildFile; fileRef = D053BD3528374A9400550B96 /* MovieTableViewCell.xib */; };
		D053BD3A28374ADB00550B96 /* MovieTableViewHeader.swift in Sources */ = {isa = PBXBuildFile; fileRef = D053BD3928374ADB00550B96 /* MovieTableViewHeader.swift */; };
		D053BD3C28374B0900550B96 /* MovieTableViewHeader.xib in Resources */ = {isa = PBXBuildFile; fileRef = D053BD3B28374B0900550B96 /* MovieTableViewHeader.xib */; };
		D053BD3E28374CEC00550B96 /* MovieResponse.swift in Sources */ = {isa = PBXBuildFile; fileRef = D053BD3D28374CEC00550B96 /* MovieResponse.swift */; };
		D053BD4028374D8900550B96 /* MovieDataManager.swift in Sources */ = {isa = PBXBuildFile; fileRef = D053BD3F28374D8900550B96 /* MovieDataManager.swift */; };
		D053BD432837594700550B96 /* Date.swift in Sources */ = {isa = PBXBuildFile; fileRef = D053BD422837594700550B96 /* Date.swift */; };
		D05476AD2844A82B0037FE45 /* MovieSearchViewController.swift in Sources */ = {isa = PBXBuildFile; fileRef = D05476AC2844A82B0037FE45 /* MovieSearchViewController.swift */; };
		D05476B02844A97C0037FE45 /* MovieSearchResponse.swift in Sources */ = {isa = PBXBuildFile; fileRef = D05476AF2844A97C0037FE45 /* MovieSearchResponse.swift */; };
		D05476B32844AB180037FE45 /* Secret.swift in Sources */ = {isa = PBXBuildFile; fileRef = D05476B22844AB180037FE45 /* Secret.swift */; };
		D0E59B56284504FC005EF895 /* MovieSearchTableViewCell.swift in Sources */ = {isa = PBXBuildFile; fileRef = D0E59B54284504FC005EF895 /* MovieSearchTableViewCell.swift */; };
		D0E59B57284504FC005EF895 /* MovieSearchTableViewCell.xib in Resources */ = {isa = PBXBuildFile; fileRef = D0E59B55284504FC005EF895 /* MovieSearchTableViewCell.xib */; };
		D0E59B5928450FEC005EF895 /* MovieSearchDataManager.swift in Sources */ = {isa = PBXBuildFile; fileRef = D0E59B5828450FEC005EF895 /* MovieSearchDataManager.swift */; };
/* End PBXBuildFile section */

/* Begin PBXFileReference section */
		D0255DB82844A46600C2F379 /* InitialViewController.swift */ = {isa = PBXFileReference; lastKnownFileType = sourcecode.swift; path = InitialViewController.swift; sourceTree = "<group>"; };
		D053BD18283748F500550B96 /* URLSessionTest.app */ = {isa = PBXFileReference; explicitFileType = wrapper.application; includeInIndex = 0; path = URLSessionTest.app; sourceTree = BUILT_PRODUCTS_DIR; };
		D053BD1B283748F500550B96 /* AppDelegate.swift */ = {isa = PBXFileReference; lastKnownFileType = sourcecode.swift; path = AppDelegate.swift; sourceTree = "<group>"; };
		D053BD1D283748F500550B96 /* SceneDelegate.swift */ = {isa = PBXFileReference; lastKnownFileType = sourcecode.swift; path = SceneDelegate.swift; sourceTree = "<group>"; };
		D053BD1F283748F500550B96 /* ViewController.swift */ = {isa = PBXFileReference; lastKnownFileType = sourcecode.swift; path = ViewController.swift; sourceTree = "<group>"; };
		D053BD22283748F500550B96 /* Base */ = {isa = PBXFileReference; lastKnownFileType = file.storyboard; name = Base; path = Base.lproj/Main.storyboard; sourceTree = "<group>"; };
		D053BD24283748F600550B96 /* Assets.xcassets */ = {isa = PBXFileReference; lastKnownFileType = folder.assetcatalog; path = Assets.xcassets; sourceTree = "<group>"; };
		D053BD27283748F600550B96 /* Base */ = {isa = PBXFileReference; lastKnownFileType = file.storyboard; name = Base; path = Base.lproj/LaunchScreen.storyboard; sourceTree = "<group>"; };
		D053BD29283748F600550B96 /* Info.plist */ = {isa = PBXFileReference; lastKnownFileType = text.plist.xml; path = Info.plist; sourceTree = "<group>"; };
		D053BD3428374A9400550B96 /* MovieTableViewCell.swift */ = {isa = PBXFileReference; lastKnownFileType = sourcecode.swift; path = MovieTableViewCell.swift; sourceTree = "<group>"; };
		D053BD3528374A9400550B96 /* MovieTableViewCell.xib */ = {isa = PBXFileReference; lastKnownFileType = file.xib; path = MovieTableViewCell.xib; sourceTree = "<group>"; };
		D053BD3928374ADB00550B96 /* MovieTableViewHeader.swift */ = {isa = PBXFileReference; lastKnownFileType = sourcecode.swift; path = MovieTableViewHeader.swift; sourceTree = "<group>"; };
		D053BD3B28374B0900550B96 /* MovieTableViewHeader.xib */ = {isa = PBXFileReference; lastKnownFileType = file.xib; path = MovieTableViewHeader.xib; sourceTree = "<group>"; };
		D053BD3D28374CEC00550B96 /* MovieResponse.swift */ = {isa = PBXFileReference; lastKnownFileType = sourcecode.swift; path = MovieResponse.swift; sourceTree = "<group>"; };
		D053BD3F28374D8900550B96 /* MovieDataManager.swift */ = {isa = PBXFileReference; lastKnownFileType = sourcecode.swift; path = MovieDataManager.swift; sourceTree = "<group>"; };
		D053BD422837594700550B96 /* Date.swift */ = {isa = PBXFileReference; lastKnownFileType = sourcecode.swift; path = Date.swift; sourceTree = "<group>"; };
		D05476AC2844A82B0037FE45 /* MovieSearchViewController.swift */ = {isa = PBXFileReference; lastKnownFileType = sourcecode.swift; path = MovieSearchViewController.swift; sourceTree = "<group>"; };
		D05476AF2844A97C0037FE45 /* MovieSearchResponse.swift */ = {isa = PBXFileReference; lastKnownFileType = sourcecode.swift; path = MovieSearchResponse.swift; sourceTree = "<group>"; };
		D05476B22844AB180037FE45 /* Secret.swift */ = {isa = PBXFileReference; lastKnownFileType = sourcecode.swift; path = Secret.swift; sourceTree = "<group>"; };
		D0E59B54284504FC005EF895 /* MovieSearchTableViewCell.swift */ = {isa = PBXFileReference; lastKnownFileType = sourcecode.swift; path = MovieSearchTableViewCell.swift; sourceTree = "<group>"; };
		D0E59B55284504FC005EF895 /* MovieSearchTableViewCell.xib */ = {isa = PBXFileReference; lastKnownFileType = file.xib; path = MovieSearchTableViewCell.xib; sourceTree = "<group>"; };
		D0E59B5828450FEC005EF895 /* MovieSearchDataManager.swift */ = {isa = PBXFileReference; lastKnownFileType = sourcecode.swift; path = MovieSearchDataManager.swift; sourceTree = "<group>"; };
/* End PBXFileReference section */

/* Begin PBXFrameworksBuildPhase section */
		D053BD15283748F500550B96 /* Frameworks */ = {
			isa = PBXFrameworksBuildPhase;
			buildActionMask = 2147483647;
			files = (
			);
			runOnlyForDeploymentPostprocessing = 0;
		};
/* End PBXFrameworksBuildPhase section */

/* Begin PBXGroup section */
		D02A928D2844AFEB003A2358 /* 영화 검색 */ = {
			isa = PBXGroup;
			children = (
				D05476AF2844A97C0037FE45 /* MovieSearchResponse.swift */,
				D0E59B5828450FEC005EF895 /* MovieSearchDataManager.swift */,
			);
			name = "영화 검색";
			sourceTree = "<group>";
		};
		D053BD0F283748F500550B96 = {
			isa = PBXGroup;
			children = (
				D053BD1A283748F500550B96 /* URLSessionTest */,
				D053BD19283748F500550B96 /* Products */,
			);
			sourceTree = "<group>";
		};
		D053BD19283748F500550B96 /* Products */ = {
			isa = PBXGroup;
			children = (
				D053BD18283748F500550B96 /* URLSessionTest.app */,
			);
			name = Products;
			sourceTree = "<group>";
		};
		D053BD1A283748F500550B96 /* URLSessionTest */ = {
			isa = PBXGroup;
			children = (
				D05476B12844AAFE0037FE45 /* Secret */,
				D053BD412837594000550B96 /* Extension */,
				D053BD2F2837497400550B96 /* App */,
				D053BD302837498700550B96 /* Controller */,
				D053BD312837498F00550B96 /* View */,
				D053BD32283749AF00550B96 /* Network */,
				D053BD24283748F600550B96 /* Assets.xcassets */,
				D053BD26283748F600550B96 /* LaunchScreen.storyboard */,
				D053BD29283748F600550B96 /* Info.plist */,
			);
			path = URLSessionTest;
			sourceTree = "<group>";
		};
		D053BD2F2837497400550B96 /* App */ = {
			isa = PBXGroup;
			children = (
				D053BD1B283748F500550B96 /* AppDelegate.swift */,
				D053BD1D283748F500550B96 /* SceneDelegate.swift */,
			);
			name = App;
			sourceTree = "<group>";
		};
		D053BD302837498700550B96 /* Controller */ = {
			isa = PBXGroup;
			children = (
				D0255DB82844A46600C2F379 /* InitialViewController.swift */,
				D053BD1F283748F500550B96 /* ViewController.swift */,
				D05476AC2844A82B0037FE45 /* MovieSearchViewController.swift */,
				D053BD3828374ABC00550B96 /* TableViewHeader */,
				D053BD3328374A7400550B96 /* TableViewCell */,
			);
			name = Controller;
			sourceTree = "<group>";
		};
		D053BD312837498F00550B96 /* View */ = {
			isa = PBXGroup;
			children = (
				D053BD21283748F500550B96 /* Main.storyboard */,
			);
			name = View;
			sourceTree = "<group>";
		};
		D053BD32283749AF00550B96 /* Network */ = {
			isa = PBXGroup;
			children = (
				D05476AE2844A94E0037FE45 /* 박스오피스 */,
				D02A928D2844AFEB003A2358 /* 영화 검색 */,
			);
			name = Network;
			sourceTree = "<group>";
		};
		D053BD3328374A7400550B96 /* TableViewCell */ = {
			isa = PBXGroup;
			children = (
				D0E59B53284504DF005EF895 /* 영화검색 */,
				D05476AB2844A6BD0037FE45 /* 박스오피스 */,
			);
			name = TableViewCell;
			sourceTree = "<group>";
		};
		D053BD3828374ABC00550B96 /* TableViewHeader */ = {
			isa = PBXGroup;
			children = (
				D05476AA2844A6B00037FE45 /* 박스오피스 */,
			);
			name = TableViewHeader;
			sourceTree = "<group>";
		};
		D053BD412837594000550B96 /* Extension */ = {
			isa = PBXGroup;
			children = (
				D053BD422837594700550B96 /* Date.swift */,
			);
			name = Extension;
			sourceTree = "<group>";
		};
		D05476AA2844A6B00037FE45 /* 박스오피스 */ = {
			isa = PBXGroup;
			children = (
				D053BD3928374ADB00550B96 /* MovieTableViewHeader.swift */,
				D053BD3B28374B0900550B96 /* MovieTableViewHeader.xib */,
			);
			name = "박스오피스";
			sourceTree = "<group>";
		};
		D05476AB2844A6BD0037FE45 /* 박스오피스 */ = {
			isa = PBXGroup;
			children = (
				D053BD3428374A9400550B96 /* MovieTableViewCell.swift */,
				D053BD3528374A9400550B96 /* MovieTableViewCell.xib */,
			);
			name = "박스오피스";
			sourceTree = "<group>";
		};
		D05476AE2844A94E0037FE45 /* 박스오피스 */ = {
			isa = PBXGroup;
			children = (
				D053BD3D28374CEC00550B96 /* MovieResponse.swift */,
				D053BD3F28374D8900550B96 /* MovieDataManager.swift */,
			);
			name = "박스오피스";
			sourceTree = "<group>";
		};
		D05476B12844AAFE0037FE45 /* Secret */ = {
			isa = PBXGroup;
			children = (
				D05476B22844AB180037FE45 /* Secret.swift */,
			);
			name = Secret;
			sourceTree = "<group>";
		};
		D0E59B53284504DF005EF895 /* 영화검색 */ = {
			isa = PBXGroup;
			children = (
				D0E59B54284504FC005EF895 /* MovieSearchTableViewCell.swift */,
				D0E59B55284504FC005EF895 /* MovieSearchTableViewCell.xib */,
			);
			name = "영화검색";
			sourceTree = "<group>";
		};
/* End PBXGroup section */

/* Begin PBXNativeTarget section */
		D053BD17283748F500550B96 /* URLSessionTest */ = {
			isa = PBXNativeTarget;
			buildConfigurationList = D053BD2C283748F600550B96 /* Build configuration list for PBXNativeTarget "URLSessionTest" */;
			buildPhases = (
				D053BD14283748F500550B96 /* Sources */,
				D053BD15283748F500550B96 /* Frameworks */,
				D053BD16283748F500550B96 /* Resources */,
			);
			buildRules = (
			);
			dependencies = (
			);
			name = URLSessionTest;
			productName = URLSessionTest;
			productReference = D053BD18283748F500550B96 /* URLSessionTest.app */;
			productType = "com.apple.product-type.application";
		};
/* End PBXNativeTarget section */

/* Begin PBXProject section */
		D053BD10283748F500550B96 /* Project object */ = {
			isa = PBXProject;
			attributes = {
				BuildIndependentTargetsInParallel = 1;
				LastSwiftUpdateCheck = 1330;
				LastUpgradeCheck = 1330;
				TargetAttributes = {
					D053BD17283748F500550B96 = {
						CreatedOnToolsVersion = 13.3.1;
					};
				};
			};
			buildConfigurationList = D053BD13283748F500550B96 /* Build configuration list for PBXProject "URLSessionTest" */;
			compatibilityVersion = "Xcode 13.0";
			developmentRegion = en;
			hasScannedForEncodings = 0;
			knownRegions = (
				en,
				Base,
			);
			mainGroup = D053BD0F283748F500550B96;
			productRefGroup = D053BD19283748F500550B96 /* Products */;
			projectDirPath = "";
			projectRoot = "";
			targets = (
				D053BD17283748F500550B96 /* URLSessionTest */,
			);
		};
/* End PBXProject section */

/* Begin PBXResourcesBuildPhase section */
		D053BD16283748F500550B96 /* Resources */ = {
			isa = PBXResourcesBuildPhase;
			buildActionMask = 2147483647;
			files = (
				D053BD28283748F600550B96 /* LaunchScreen.storyboard in Resources */,
				D053BD3C28374B0900550B96 /* MovieTableViewHeader.xib in Resources */,
				D053BD25283748F600550B96 /* Assets.xcassets in Resources */,
				D053BD3728374A9400550B96 /* MovieTableViewCell.xib in Resources */,
				D0E59B57284504FC005EF895 /* MovieSearchTableViewCell.xib in Resources */,
				D053BD23283748F500550B96 /* Main.storyboard in Resources */,
			);
			runOnlyForDeploymentPostprocessing = 0;
		};
/* End PBXResourcesBuildPhase section */

/* Begin PBXSourcesBuildPhase section */
		D053BD14283748F500550B96 /* Sources */ = {
			isa = PBXSourcesBuildPhase;
			buildActionMask = 2147483647;
			files = (
				D053BD3A28374ADB00550B96 /* MovieTableViewHeader.swift in Sources */,
				D0E59B56284504FC005EF895 /* MovieSearchTableViewCell.swift in Sources */,
				D05476B32844AB180037FE45 /* Secret.swift in Sources */,
				D053BD20283748F500550B96 /* ViewController.swift in Sources */,
				D053BD1C283748F500550B96 /* AppDelegate.swift in Sources */,
				D05476AD2844A82B0037FE45 /* MovieSearchViewController.swift in Sources */,
				D0255DB92844A46600C2F379 /* InitialViewController.swift in Sources */,
				D053BD432837594700550B96 /* Date.swift in Sources */,
				D053BD3E28374CEC00550B96 /* MovieResponse.swift in Sources */,
				D053BD4028374D8900550B96 /* MovieDataManager.swift in Sources */,
				D05476B02844A97C0037FE45 /* MovieSearchResponse.swift in Sources */,
				D053BD3628374A9400550B96 /* MovieTableViewCell.swift in Sources */,
				D0E59B5928450FEC005EF895 /* MovieSearchDataManager.swift in Sources */,
				D053BD1E283748F500550B96 /* SceneDelegate.swift in Sources */,
			);
			runOnlyForDeploymentPostprocessing = 0;
		};
/* End PBXSourcesBuildPhase section */

/* Begin PBXVariantGroup section */
		D053BD21283748F500550B96 /* Main.storyboard */ = {
			isa = PBXVariantGroup;
			children = (
				D053BD22283748F500550B96 /* Base */,
			);
			name = Main.storyboard;
			sourceTree = "<group>";
		};
		D053BD26283748F600550B96 /* LaunchScreen.storyboard */ = {
			isa = PBXVariantGroup;
			children = (
				D053BD27283748F600550B96 /* Base */,
			);
			name = LaunchScreen.storyboard;
			sourceTree = "<group>";
		};
/* End PBXVariantGroup section */

/* Begin XCBuildConfiguration section */
		D053BD2A283748F600550B96 /* Debug */ = {
			isa = XCBuildConfiguration;
			buildSettings = {
				ALWAYS_SEARCH_USER_PATHS = NO;
				CLANG_ANALYZER_NONNULL = YES;
				CLANG_ANALYZER_NUMBER_OBJECT_CONVERSION = YES_AGGRESSIVE;
				CLANG_CXX_LANGUAGE_STANDARD = "gnu++17";
				CLANG_ENABLE_MODULES = YES;
				CLANG_ENABLE_OBJC_ARC = YES;
				CLANG_ENABLE_OBJC_WEAK = YES;
				CLANG_WARN_BLOCK_CAPTURE_AUTORELEASING = YES;
				CLANG_WARN_BOOL_CONVERSION = YES;
				CLANG_WARN_COMMA = YES;
				CLANG_WARN_CONSTANT_CONVERSION = YES;
				CLANG_WARN_DEPRECATED_OBJC_IMPLEMENTATIONS = YES;
				CLANG_WARN_DIRECT_OBJC_ISA_USAGE = YES_ERROR;
				CLANG_WARN_DOCUMENTATION_COMMENTS = YES;
				CLANG_WARN_EMPTY_BODY = YES;
				CLANG_WARN_ENUM_CONVERSION = YES;
				CLANG_WARN_INFINITE_RECURSION = YES;
				CLANG_WARN_INT_CONVERSION = YES;
				CLANG_WARN_NON_LITERAL_NULL_CONVERSION = YES;
				CLANG_WARN_OBJC_IMPLICIT_RETAIN_SELF = YES;
				CLANG_WARN_OBJC_LITERAL_CONVERSION = YES;
				CLANG_WARN_OBJC_ROOT_CLASS = YES_ERROR;
				CLANG_WARN_QUOTED_INCLUDE_IN_FRAMEWORK_HEADER = YES;
				CLANG_WARN_RANGE_LOOP_ANALYSIS = YES;
				CLANG_WARN_STRICT_PROTOTYPES = YES;
				CLANG_WARN_SUSPICIOUS_MOVE = YES;
				CLANG_WARN_UNGUARDED_AVAILABILITY = YES_AGGRESSIVE;
				CLANG_WARN_UNREACHABLE_CODE = YES;
				CLANG_WARN__DUPLICATE_METHOD_MATCH = YES;
				COPY_PHASE_STRIP = NO;
				DEBUG_INFORMATION_FORMAT = dwarf;
				ENABLE_STRICT_OBJC_MSGSEND = YES;
				ENABLE_TESTABILITY = YES;
				GCC_C_LANGUAGE_STANDARD = gnu11;
				GCC_DYNAMIC_NO_PIC = NO;
				GCC_NO_COMMON_BLOCKS = YES;
				GCC_OPTIMIZATION_LEVEL = 0;
				GCC_PREPROCESSOR_DEFINITIONS = (
					"DEBUG=1",
					"$(inherited)",
				);
				GCC_WARN_64_TO_32_BIT_CONVERSION = YES;
				GCC_WARN_ABOUT_RETURN_TYPE = YES_ERROR;
				GCC_WARN_UNDECLARED_SELECTOR = YES;
				GCC_WARN_UNINITIALIZED_AUTOS = YES_AGGRESSIVE;
				GCC_WARN_UNUSED_FUNCTION = YES;
				GCC_WARN_UNUSED_VARIABLE = YES;
				IPHONEOS_DEPLOYMENT_TARGET = 15.4;
				MTL_ENABLE_DEBUG_INFO = INCLUDE_SOURCE;
				MTL_FAST_MATH = YES;
				ONLY_ACTIVE_ARCH = YES;
				SDKROOT = iphoneos;
				SWIFT_ACTIVE_COMPILATION_CONDITIONS = DEBUG;
				SWIFT_OPTIMIZATION_LEVEL = "-Onone";
			};
			name = Debug;
		};
		D053BD2B283748F600550B96 /* Release */ = {
			isa = XCBuildConfiguration;
			buildSettings = {
				ALWAYS_SEARCH_USER_PATHS = NO;
				CLANG_ANALYZER_NONNULL = YES;
				CLANG_ANALYZER_NUMBER_OBJECT_CONVERSION = YES_AGGRESSIVE;
				CLANG_CXX_LANGUAGE_STANDARD = "gnu++17";
				CLANG_ENABLE_MODULES = YES;
				CLANG_ENABLE_OBJC_ARC = YES;
				CLANG_ENABLE_OBJC_WEAK = YES;
				CLANG_WARN_BLOCK_CAPTURE_AUTORELEASING = YES;
				CLANG_WARN_BOOL_CONVERSION = YES;
				CLANG_WARN_COMMA = YES;
				CLANG_WARN_CONSTANT_CONVERSION = YES;
				CLANG_WARN_DEPRECATED_OBJC_IMPLEMENTATIONS = YES;
				CLANG_WARN_DIRECT_OBJC_ISA_USAGE = YES_ERROR;
				CLANG_WARN_DOCUMENTATION_COMMENTS = YES;
				CLANG_WARN_EMPTY_BODY = YES;
				CLANG_WARN_ENUM_CONVERSION = YES;
				CLANG_WARN_INFINITE_RECURSION = YES;
				CLANG_WARN_INT_CONVERSION = YES;
				CLANG_WARN_NON_LITERAL_NULL_CONVERSION = YES;
				CLANG_WARN_OBJC_IMPLICIT_RETAIN_SELF = YES;
				CLANG_WARN_OBJC_LITERAL_CONVERSION = YES;
				CLANG_WARN_OBJC_ROOT_CLASS = YES_ERROR;
				CLANG_WARN_QUOTED_INCLUDE_IN_FRAMEWORK_HEADER = YES;
				CLANG_WARN_RANGE_LOOP_ANALYSIS = YES;
				CLANG_WARN_STRICT_PROTOTYPES = YES;
				CLANG_WARN_SUSPICIOUS_MOVE = YES;
				CLANG_WARN_UNGUARDED_AVAILABILITY = YES_AGGRESSIVE;
				CLANG_WARN_UNREACHABLE_CODE = YES;
				CLANG_WARN__DUPLICATE_METHOD_MATCH = YES;
				COPY_PHASE_STRIP = NO;
				DEBUG_INFORMATION_FORMAT = "dwarf-with-dsym";
				ENABLE_NS_ASSERTIONS = NO;
				ENABLE_STRICT_OBJC_MSGSEND = YES;
				GCC_C_LANGUAGE_STANDARD = gnu11;
				GCC_NO_COMMON_BLOCKS = YES;
				GCC_WARN_64_TO_32_BIT_CONVERSION = YES;
				GCC_WARN_ABOUT_RETURN_TYPE = YES_ERROR;
				GCC_WARN_UNDECLARED_SELECTOR = YES;
				GCC_WARN_UNINITIALIZED_AUTOS = YES_AGGRESSIVE;
				GCC_WARN_UNUSED_FUNCTION = YES;
				GCC_WARN_UNUSED_VARIABLE = YES;
				IPHONEOS_DEPLOYMENT_TARGET = 15.4;
				MTL_ENABLE_DEBUG_INFO = NO;
				MTL_FAST_MATH = YES;
				SDKROOT = iphoneos;
				SWIFT_COMPILATION_MODE = wholemodule;
				SWIFT_OPTIMIZATION_LEVEL = "-O";
				VALIDATE_PRODUCT = YES;
			};
			name = Release;
		};
		D053BD2D283748F600550B96 /* Debug */ = {
			isa = XCBuildConfiguration;
			buildSettings = {
				ASSETCATALOG_COMPILER_APPICON_NAME = AppIcon;
				ASSETCATALOG_COMPILER_GLOBAL_ACCENT_COLOR_NAME = AccentColor;
				CODE_SIGN_STYLE = Automatic;
				CURRENT_PROJECT_VERSION = 1;
				GENERATE_INFOPLIST_FILE = YES;
				INFOPLIST_FILE = URLSessionTest/Info.plist;
				INFOPLIST_KEY_UIApplicationSupportsIndirectInputEvents = YES;
				INFOPLIST_KEY_UILaunchStoryboardName = LaunchScreen;
				INFOPLIST_KEY_UIMainStoryboardFile = Main;
				INFOPLIST_KEY_UISupportedInterfaceOrientations_iPad = "UIInterfaceOrientationPortrait UIInterfaceOrientationPortraitUpsideDown UIInterfaceOrientationLandscapeLeft UIInterfaceOrientationLandscapeRight";
				INFOPLIST_KEY_UISupportedInterfaceOrientations_iPhone = "UIInterfaceOrientationPortrait UIInterfaceOrientationLandscapeLeft UIInterfaceOrientationLandscapeRight";
				LD_RUNPATH_SEARCH_PATHS = (
					"$(inherited)",
					"@executable_path/Frameworks",
				);
				MARKETING_VERSION = 1.0;
				PRODUCT_BUNDLE_IDENTIFIER = "DongHee-Sin.URLSessionTest";
				PRODUCT_NAME = "$(TARGET_NAME)";
				SWIFT_EMIT_LOC_STRINGS = YES;
				SWIFT_VERSION = 5.0;
				TARGETED_DEVICE_FAMILY = "1,2";
			};
			name = Debug;
		};
		D053BD2E283748F600550B96 /* Release */ = {
			isa = XCBuildConfiguration;
			buildSettings = {
				ASSETCATALOG_COMPILER_APPICON_NAME = AppIcon;
				ASSETCATALOG_COMPILER_GLOBAL_ACCENT_COLOR_NAME = AccentColor;
				CODE_SIGN_STYLE = Automatic;
				CURRENT_PROJECT_VERSION = 1;
				GENERATE_INFOPLIST_FILE = YES;
				INFOPLIST_FILE = URLSessionTest/Info.plist;
				INFOPLIST_KEY_UIApplicationSupportsIndirectInputEvents = YES;
				INFOPLIST_KEY_UILaunchStoryboardName = LaunchScreen;
				INFOPLIST_KEY_UIMainStoryboardFile = Main;
				INFOPLIST_KEY_UISupportedInterfaceOrientations_iPad = "UIInterfaceOrientationPortrait UIInterfaceOrientationPortraitUpsideDown UIInterfaceOrientationLandscapeLeft UIInterfaceOrientationLandscapeRight";
				INFOPLIST_KEY_UISupportedInterfaceOrientations_iPhone = "UIInterfaceOrientationPortrait UIInterfaceOrientationLandscapeLeft UIInterfaceOrientationLandscapeRight";
				LD_RUNPATH_SEARCH_PATHS = (
					"$(inherited)",
					"@executable_path/Frameworks",
				);
				MARKETING_VERSION = 1.0;
				PRODUCT_BUNDLE_IDENTIFIER = "DongHee-Sin.URLSessionTest";
				PRODUCT_NAME = "$(TARGET_NAME)";
				SWIFT_EMIT_LOC_STRINGS = YES;
				SWIFT_VERSION = 5.0;
				TARGETED_DEVICE_FAMILY = "1,2";
			};
			name = Release;
		};
/* End XCBuildConfiguration section */

/* Begin XCConfigurationList section */
		D053BD13283748F500550B96 /* Build configuration list for PBXProject "URLSessionTest" */ = {
			isa = XCConfigurationList;
			buildConfigurations = (
				D053BD2A283748F600550B96 /* Debug */,
				D053BD2B283748F600550B96 /* Release */,
			);
			defaultConfigurationIsVisible = 0;
			defaultConfigurationName = Release;
		};
		D053BD2C283748F600550B96 /* Build configuration list for PBXNativeTarget "URLSessionTest" */ = {
			isa = XCConfigurationList;
			buildConfigurations = (
				D053BD2D283748F600550B96 /* Debug */,
				D053BD2E283748F600550B96 /* Release */,
			);
			defaultConfigurationIsVisible = 0;
			defaultConfigurationName = Release;
		};
/* End XCConfigurationList section */
	};
	rootObject = D053BD10283748F500550B96 /* Project object */;
}
